
Microsoft Visual Studio Solution File, Format Version 12.00
# Visual Studio Version 17
VisualStudioVersion = 17.0.31903.59
MinimumVisualStudioVersion = 10.0.40219.1
Project("{FAE04EC0-301F-11D3-BF4B-00C04F79EFBC}") = "ProjectB_Museum_DeMystery", "ProjectB_Museum_DeMystery\ProjectB_Museum_DeMystery.csproj", "{09BAB489-FCD7-4C05-A8DB-D89BA171C70A}"
EndProject
Project("{FAE04EC0-301F-11D3-BF4B-00C04F79EFBC}") = "UnitTests", "UnitTests\UnitTests.csproj", "{DF438FC0-6F78-43F9-BFBF-36A3CC3600C7}"
EndProject
Project("{FAE04EC0-301F-11D3-BF4B-00C04F79EFBC}") = "SystemTests", "SystemTests\SystemTests.csproj", "{6F812B06-58C0-4AF6-BB10-D9925CF35F1D}"
EndProject
Global
	GlobalSection(SolutionConfigurationPlatforms) = preSolution
		Debug|Any CPU = Debug|Any CPU
		Release|Any CPU = Release|Any CPU
	EndGlobalSection
	GlobalSection(SolutionProperties) = preSolution
		HideSolutionNode = FALSE
	EndGlobalSection
	GlobalSection(ProjectConfigurationPlatforms) = postSolution
		{09BAB489-FCD7-4C05-A8DB-D89BA171C70A}.Debug|Any CPU.ActiveCfg = Debug|Any CPU
		{09BAB489-FCD7-4C05-A8DB-D89BA171C70A}.Debug|Any CPU.Build.0 = Debug|Any CPU
		{09BAB489-FCD7-4C05-A8DB-D89BA171C70A}.Release|Any CPU.ActiveCfg = Release|Any CPU
		{09BAB489-FCD7-4C05-A8DB-D89BA171C70A}.Release|Any CPU.Build.0 = Release|Any CPU
		{DF438FC0-6F78-43F9-BFBF-36A3CC3600C7}.Debug|Any CPU.ActiveCfg = Debug|Any CPU
		{DF438FC0-6F78-43F9-BFBF-36A3CC3600C7}.Debug|Any CPU.Build.0 = Debug|Any CPU
		{DF438FC0-6F78-43F9-BFBF-36A3CC3600C7}.Release|Any CPU.ActiveCfg = Release|Any CPU
		{DF438FC0-6F78-43F9-BFBF-36A3CC3600C7}.Release|Any CPU.Build.0 = Release|Any CPU
		{6F812B06-58C0-4AF6-BB10-D9925CF35F1D}.Debug|Any CPU.ActiveCfg = Debug|Any CPU
		{6F812B06-58C0-4AF6-BB10-D9925CF35F1D}.Debug|Any CPU.Build.0 = Debug|Any CPU
		{6F812B06-58C0-4AF6-BB10-D9925CF35F1D}.Release|Any CPU.ActiveCfg = Release|Any CPU
		{6F812B06-58C0-4AF6-BB10-D9925CF35F1D}.Release|Any CPU.Build.0 = Release|Any CPU
	EndGlobalSection
EndGlobal
